Microsoft Visual Studio Solution File, Format Version 8.00
Project("{F184B08F-C81C-45F6-A57F-5ABD9991F28F}") = "tareamenu", "tareamenu.vbproj", "{4C647B4D-2018-4540-86B7-6761FE12B440}"
	ProjectSection(ProjectDependencies) = postProject
	EndProjectSection
EndProject
Global
	GlobalSection(SolutionConfiguration) = preSolution
		Debug = Debug
		Release = Release
	EndGlobalSection
	GlobalSection(ProjectConfiguration) = postSolution
		{4C647B4D-2018-4540-86B7-6761FE12B440}.Debug.ActiveCfg = Debug|.NET
		{4C647B4D-2018-4540-86B7-6761FE12B440}.Debug.Build.0 = Debug|.NET
		{4C647B4D-2018-4540-86B7-6761FE12B440}.Release.ActiveCfg = Release|.NET
		{4C647B4D-2018-4540-86B7-6761FE12B440}.Release.Build.0 = Release|.NET
	EndGlobalSection
	GlobalSection(ExtensibilityGlobals) = postSolution
	EndGlobalSection
	GlobalSection(ExtensibilityAddIns) = postSolution
	EndGlobalSection
EndGlobal
