Microsoft Visual Studio Solution File, Format Version 8.00
Project("{F184B08F-C81C-45F6-A57F-5ABD9991F28F}") = "mantenedor", "mantenedor.vbproj", "{485B6AF1-D20C-47B0-8EB0-A89B6EAE25DB}"
	ProjectSection(ProjectDependencies) = postProject
	EndProjectSection
EndProject
Global
	GlobalSection(SolutionConfiguration) = preSolution
		Debug = Debug
		Release = Release
	EndGlobalSection
	GlobalSection(ProjectConfiguration) = postSolution
		{485B6AF1-D20C-47B0-8EB0-A89B6EAE25DB}.Debug.ActiveCfg = Debug|.NET
		{485B6AF1-D20C-47B0-8EB0-A89B6EAE25DB}.Debug.Build.0 = Debug|.NET
		{485B6AF1-D20C-47B0-8EB0-A89B6EAE25DB}.Release.ActiveCfg = Release|.NET
		{485B6AF1-D20C-47B0-8EB0-A89B6EAE25DB}.Release.Build.0 = Release|.NET
	EndGlobalSection
	GlobalSection(ExtensibilityGlobals) = postSolution
	EndGlobalSection
	GlobalSection(ExtensibilityAddIns) = postSolution
	EndGlobalSection
EndGlobal
