Microsoft Visual Studio Solution File, Format Version 8.00
Project("{F184B08F-C81C-45F6-A57F-5ABD9991F28F}") = "practica", "practica.vbproj", "{B22B1C66-0BE9-4163-B153-605CDB18E762}"
	ProjectSection(ProjectDependencies) = postProject
	EndProjectSection
EndProject
Global
	GlobalSection(SolutionConfiguration) = preSolution
		Debug = Debug
		Release = Release
	EndGlobalSection
	GlobalSection(ProjectConfiguration) = postSolution
		{B22B1C66-0BE9-4163-B153-605CDB18E762}.Debug.ActiveCfg = Debug|.NET
		{B22B1C66-0BE9-4163-B153-605CDB18E762}.Debug.Build.0 = Debug|.NET
		{B22B1C66-0BE9-4163-B153-605CDB18E762}.Release.ActiveCfg = Release|.NET
		{B22B1C66-0BE9-4163-B153-605CDB18E762}.Release.Build.0 = Release|.NET
	EndGlobalSection
	GlobalSection(ExtensibilityGlobals) = postSolution
	EndGlobalSection
	GlobalSection(ExtensibilityAddIns) = postSolution
	EndGlobalSection
EndGlobal
