Microsoft Visual Studio Solution File, Format Version 8.00
Project("{F184B08F-C81C-45F6-A57F-5ABD9991F28F}") = "colores", "colores.vbproj", "{7ED8CB0D-5FE1-40DB-8EFF-C99000EEC173}"
	ProjectSection(ProjectDependencies) = postProject
	EndProjectSection
EndProject
Global
	GlobalSection(SolutionConfiguration) = preSolution
		Debug = Debug
		Release = Release
	EndGlobalSection
	GlobalSection(ProjectConfiguration) = postSolution
		{7ED8CB0D-5FE1-40DB-8EFF-C99000EEC173}.Debug.ActiveCfg = Debug|.NET
		{7ED8CB0D-5FE1-40DB-8EFF-C99000EEC173}.Debug.Build.0 = Debug|.NET
		{7ED8CB0D-5FE1-40DB-8EFF-C99000EEC173}.Release.ActiveCfg = Release|.NET
		{7ED8CB0D-5FE1-40DB-8EFF-C99000EEC173}.Release.Build.0 = Release|.NET
	EndGlobalSection
	GlobalSection(ExtensibilityGlobals) = postSolution
	EndGlobalSection
	GlobalSection(ExtensibilityAddIns) = postSolution
	EndGlobalSection
EndGlobal
